
Microsoft Visual Studio Solution File, Format Version 12.00
# Visual Studio 15
VisualStudioVersion = 15.0.27004.2002
MinimumVisualStudioVersion = 10.0.40219.1
Project("{FAE04EC0-301F-11D3-BF4B-00C04F79EFBC}") = "Generator.UI", "Generator.UI\Generator.UI.csproj", "{B353DDAA-6257-4BF9-9787-5D45036D7834}"
EndProject
Project("{FAE04EC0-301F-11D3-BF4B-00C04F79EFBC}") = "Generator.Web", "Generator.Web\Generator.Web.csproj", "{F1D1D1DB-994A-4A57-BE10-4BB21A82FB42}"
EndProject
Global
	GlobalSection(SolutionConfigurationPlatforms) = preSolution
		Debug|Any CPU = Debug|Any CPU
		Release|Any CPU = Release|Any CPU
	EndGlobalSection
	GlobalSection(ProjectConfigurationPlatforms) = postSolution
		{B353DDAA-6257-4BF9-9787-5D45036D7834}.Debug|Any CPU.ActiveCfg = Debug|Any CPU
		{B353DDAA-6257-4BF9-9787-5D45036D7834}.Debug|Any CPU.Build.0 = Debug|Any CPU
		{B353DDAA-6257-4BF9-9787-5D45036D7834}.Release|Any CPU.ActiveCfg = Release|Any CPU
		{B353DDAA-6257-4BF9-9787-5D45036D7834}.Release|Any CPU.Build.0 = Release|Any CPU
		{F1D1D1DB-994A-4A57-BE10-4BB21A82FB42}.Debug|Any CPU.ActiveCfg = Debug|Any CPU
		{F1D1D1DB-994A-4A57-BE10-4BB21A82FB42}.Debug|Any CPU.Build.0 = Debug|Any CPU
		{F1D1D1DB-994A-4A57-BE10-4BB21A82FB42}.Release|Any CPU.ActiveCfg = Release|Any CPU
		{F1D1D1DB-994A-4A57-BE10-4BB21A82FB42}.Release|Any CPU.Build.0 = Release|Any CPU
	EndGlobalSection
	GlobalSection(SolutionProperties) = preSolution
		HideSolutionNode = FALSE
	EndGlobalSection
	GlobalSection(ExtensibilityGlobals) = postSolution
		SolutionGuid = {A3A94721-29A0-4EA6-B4E2-267E981F2722}
	EndGlobalSection
EndGlobal
